// !$*UTF8*$!
{
	archiveVersion = 1;
	classes = {
	};
	objectVersion = 56;
	objects = {

/* Begin PBXBuildFile section */
		606046742A2A5B8B005042FC /* AppDelegate.swift in Sources */ = {isa = PBXBuildFile; fileRef = 606046732A2A5B8B005042FC /* AppDelegate.swift */; };
		606046762A2A5B8C005042FC /* SceneDelegate.swift in Sources */ = {isa = PBXBuildFile; fileRef = 606046752A2A5B8C005042FC /* SceneDelegate.swift */; };
		606046782A2A5B8C005042FC /* MainViewController.swift in Sources */ = {isa = PBXBuildFile; fileRef = 606046772A2A5B8C005042FC /* MainViewController.swift */; };
		6060467E2A2A5B8C005042FC /* database.xcdatamodeld in Sources */ = {isa = PBXBuildFile; fileRef = 6060467C2A2A5B8C005042FC /* database.xcdatamodeld */; };
		606046802A2A5B8E005042FC /* Assets.xcassets in Resources */ = {isa = PBXBuildFile; fileRef = 6060467F2A2A5B8E005042FC /* Assets.xcassets */; };
		606046832A2A5B8E005042FC /* LaunchScreen.storyboard in Resources */ = {isa = PBXBuildFile; fileRef = 606046812A2A5B8E005042FC /* LaunchScreen.storyboard */; };
		6060468C2A2B1E6A005042FC /* Person.swift in Sources */ = {isa = PBXBuildFile; fileRef = 6060468B2A2B1E6A005042FC /* Person.swift */; };
		6060468F2A2B1ED5005042FC /* MainPresenter.swift in Sources */ = {isa = PBXBuildFile; fileRef = 6060468E2A2B1ED5005042FC /* MainPresenter.swift */; };
		606046922A2CBDB5005042FC /* SnapKit in Frameworks */ = {isa = PBXBuildFile; productRef = 606046912A2CBDB5005042FC /* SnapKit */; };
		606046942A2CC95B005042FC /* ModuleBuilder.swift in Sources */ = {isa = PBXBuildFile; fileRef = 606046932A2CC95B005042FC /* ModuleBuilder.swift */; };
		60D26B142A2CDE1200C06BF7 /* Extension+UITextField.swift in Sources */ = {isa = PBXBuildFile; fileRef = 60D26B132A2CDE1200C06BF7 /* Extension+UITextField.swift */; };
/* End PBXBuildFile section */

/* Begin PBXFileReference section */
		606046702A2A5B8B005042FC /* STARTIOSHW22.app */ = {isa = PBXFileReference; explicitFileType = wrapper.application; includeInIndex = 0; path = STARTIOSHW22.app; sourceTree = BUILT_PRODUCTS_DIR; };
		606046732A2A5B8B005042FC /* AppDelegate.swift */ = {isa = PBXFileReference; lastKnownFileType = sourcecode.swift; path = AppDelegate.swift; sourceTree = "<group>"; };
		606046752A2A5B8C005042FC /* SceneDelegate.swift */ = {isa = PBXFileReference; lastKnownFileType = sourcecode.swift; path = SceneDelegate.swift; sourceTree = "<group>"; };
		606046772A2A5B8C005042FC /* MainViewController.swift */ = {isa = PBXFileReference; lastKnownFileType = sourcecode.swift; path = MainViewController.swift; sourceTree = "<group>"; };
		6060467D2A2A5B8C005042FC /* STARTIOSHW22.xcdatamodel */ = {isa = PBXFileReference; lastKnownFileType = wrapper.xcdatamodel; path = STARTIOSHW22.xcdatamodel; sourceTree = "<group>"; };
		6060467F2A2A5B8E005042FC /* Assets.xcassets */ = {isa = PBXFileReference; lastKnownFileType = folder.assetcatalog; path = Assets.xcassets; sourceTree = "<group>"; };
		606046822A2A5B8E005042FC /* Base */ = {isa = PBXFileReference; lastKnownFileType = file.storyboard; name = Base; path = Base.lproj/LaunchScreen.storyboard; sourceTree = "<group>"; };
		606046842A2A5B8E005042FC /* Info.plist */ = {isa = PBXFileReference; lastKnownFileType = text.plist.xml; path = Info.plist; sourceTree = "<group>"; };
		6060468B2A2B1E6A005042FC /* Person.swift */ = {isa = PBXFileReference; lastKnownFileType = sourcecode.swift; path = Person.swift; sourceTree = "<group>"; };
		6060468E2A2B1ED5005042FC /* MainPresenter.swift */ = {isa = PBXFileReference; lastKnownFileType = sourcecode.swift; path = MainPresenter.swift; sourceTree = "<group>"; };
		606046932A2CC95B005042FC /* ModuleBuilder.swift */ = {isa = PBXFileReference; lastKnownFileType = sourcecode.swift; path = ModuleBuilder.swift; sourceTree = "<group>"; };
		60D26B132A2CDE1200C06BF7 /* Extension+UITextField.swift */ = {isa = PBXFileReference; lastKnownFileType = sourcecode.swift; path = "Extension+UITextField.swift"; sourceTree = "<group>"; };
/* End PBXFileReference section */

/* Begin PBXFrameworksBuildPhase section */
		6060466D2A2A5B8B005042FC /* Frameworks */ = {
			isa = PBXFrameworksBuildPhase;
			buildActionMask = 2147483647;
			files = (
				606046922A2CBDB5005042FC /* SnapKit in Frameworks */,
			);
			runOnlyForDeploymentPostprocessing = 0;
		};
/* End PBXFrameworksBuildPhase section */

/* Begin PBXGroup section */
		606046672A2A5B8B005042FC = {
			isa = PBXGroup;
			children = (
				606046722A2A5B8B005042FC /* STARTIOSHW22 */,
				606046712A2A5B8B005042FC /* Products */,
			);
			sourceTree = "<group>";
		};
		606046712A2A5B8B005042FC /* Products */ = {
			isa = PBXGroup;
			children = (
				606046702A2A5B8B005042FC /* STARTIOSHW22.app */,
			);
			name = Products;
			sourceTree = "<group>";
		};
		606046722A2A5B8B005042FC /* STARTIOSHW22 */ = {
			isa = PBXGroup;
			children = (
				60D26B122A2CDDFF00C06BF7 /* Extensions */,
				6060468A2A2B1A47005042FC /* App */,
				6060468D2A2B1EC9005042FC /* MainModule */,
				6060467C2A2A5B8C005042FC /* database.xcdatamodeld */,
				6060468B2A2B1E6A005042FC /* Person.swift */,
				606046932A2CC95B005042FC /* ModuleBuilder.swift */,
			);
			path = STARTIOSHW22;
			sourceTree = "<group>";
		};
		6060468A2A2B1A47005042FC /* App */ = {
			isa = PBXGroup;
			children = (
				606046732A2A5B8B005042FC /* AppDelegate.swift */,
				606046752A2A5B8C005042FC /* SceneDelegate.swift */,
				6060467F2A2A5B8E005042FC /* Assets.xcassets */,
				606046842A2A5B8E005042FC /* Info.plist */,
				606046812A2A5B8E005042FC /* LaunchScreen.storyboard */,
			);
			path = App;
			sourceTree = "<group>";
		};
		6060468D2A2B1EC9005042FC /* MainModule */ = {
			isa = PBXGroup;
			children = (
				606046772A2A5B8C005042FC /* MainViewController.swift */,
				6060468E2A2B1ED5005042FC /* MainPresenter.swift */,
			);
			path = MainModule;
			sourceTree = "<group>";
		};
		60D26B122A2CDDFF00C06BF7 /* Extensions */ = {
			isa = PBXGroup;
			children = (
				60D26B132A2CDE1200C06BF7 /* Extension+UITextField.swift */,
			);
			path = Extensions;
			sourceTree = "<group>";
		};
/* End PBXGroup section */

/* Begin PBXNativeTarget section */
		6060466F2A2A5B8B005042FC /* STARTIOSHW22 */ = {
			isa = PBXNativeTarget;
			buildConfigurationList = 606046872A2A5B8E005042FC /* Build configuration list for PBXNativeTarget "STARTIOSHW22" */;
			buildPhases = (
				6060466C2A2A5B8B005042FC /* Sources */,
				6060466D2A2A5B8B005042FC /* Frameworks */,
				6060466E2A2A5B8B005042FC /* Resources */,
			);
			buildRules = (
			);
			dependencies = (
			);
			name = STARTIOSHW22;
			packageProductDependencies = (
				606046912A2CBDB5005042FC /* SnapKit */,
			);
			productName = STARTIOSHW22;
			productReference = 606046702A2A5B8B005042FC /* STARTIOSHW22.app */;
			productType = "com.apple.product-type.application";
		};
/* End PBXNativeTarget section */

/* Begin PBXProject section */
		606046682A2A5B8B005042FC /* Project object */ = {
			isa = PBXProject;
			attributes = {
				BuildIndependentTargetsInParallel = 1;
				LastSwiftUpdateCheck = 1400;
				LastUpgradeCheck = 1400;
				TargetAttributes = {
					6060466F2A2A5B8B005042FC = {
						CreatedOnToolsVersion = 14.0.1;
					};
				};
			};
			buildConfigurationList = 6060466B2A2A5B8B005042FC /* Build configuration list for PBXProject "STARTIOSHW22" */;
			compatibilityVersion = "Xcode 14.0";
			developmentRegion = en;
			hasScannedForEncodings = 0;
			knownRegions = (
				en,
				Base,
			);
			mainGroup = 606046672A2A5B8B005042FC;
			packageReferences = (
				606046902A2CBDB5005042FC /* XCRemoteSwiftPackageReference "SnapKit" */,
			);
			productRefGroup = 606046712A2A5B8B005042FC /* Products */;
			projectDirPath = "";
			projectRoot = "";
			targets = (
				6060466F2A2A5B8B005042FC /* STARTIOSHW22 */,
			);
		};
/* End PBXProject section */

/* Begin PBXResourcesBuildPhase section */
		6060466E2A2A5B8B005042FC /* Resources */ = {
			isa = PBXResourcesBuildPhase;
			buildActionMask = 2147483647;
			files = (
				606046832A2A5B8E005042FC /* LaunchScreen.storyboard in Resources */,
				606046802A2A5B8E005042FC /* Assets.xcassets in Resources */,
			);
			runOnlyForDeploymentPostprocessing = 0;
		};
/* End PBXResourcesBuildPhase section */

/* Begin PBXSourcesBuildPhase section */
		6060466C2A2A5B8B005042FC /* Sources */ = {
			isa = PBXSourcesBuildPhase;
			buildActionMask = 2147483647;
			files = (
				6060468F2A2B1ED5005042FC /* MainPresenter.swift in Sources */,
				6060468C2A2B1E6A005042FC /* Person.swift in Sources */,
				606046782A2A5B8C005042FC /* MainViewController.swift in Sources */,
				6060467E2A2A5B8C005042FC /* database.xcdatamodeld in Sources */,
				606046942A2CC95B005042FC /* ModuleBuilder.swift in Sources */,
				60D26B142A2CDE1200C06BF7 /* Extension+UITextField.swift in Sources */,
				606046742A2A5B8B005042FC /* AppDelegate.swift in Sources */,
				606046762A2A5B8C005042FC /* SceneDelegate.swift in Sources */,
			);
			runOnlyForDeploymentPostprocessing = 0;
		};
/* End PBXSourcesBuildPhase section */

/* Begin PBXVariantGroup section */
		606046812A2A5B8E005042FC /* LaunchScreen.storyboard */ = {
			isa = PBXVariantGroup;
			children = (
				606046822A2A5B8E005042FC /* Base */,
			);
			name = LaunchScreen.storyboard;
			sourceTree = "<group>";
		};
/* End PBXVariantGroup section */

/* Begin XCBuildConfiguration section */
		606046852A2A5B8E005042FC /* Debug */ = {
			isa = XCBuildConfiguration;
			buildSettings = {
				ALWAYS_SEARCH_USER_PATHS = NO;
				CLANG_ANALYZER_NONNULL = YES;
				CLANG_ANALYZER_NUMBER_OBJECT_CONVERSION = YES_AGGRESSIVE;
				CLANG_CXX_LANGUAGE_STANDARD = "gnu++20";
				CLANG_ENABLE_MODULES = YES;
				CLANG_ENABLE_OBJC_ARC = YES;
				CLANG_ENABLE_OBJC_WEAK = YES;
				CLANG_WARN_BLOCK_CAPTURE_AUTORELEASING = YES;
				CLANG_WARN_BOOL_CONVERSION = YES;
				CLANG_WARN_COMMA = YES;
				CLANG_WARN_CONSTANT_CONVERSION = YES;
				CLANG_WARN_DEPRECATED_OBJC_IMPLEMENTATIONS = YES;
				CLANG_WARN_DIRECT_OBJC_ISA_USAGE = YES_ERROR;
				CLANG_WARN_DOCUMENTATION_COMMENTS = YES;
				CLANG_WARN_EMPTY_BODY = YES;
				CLANG_WARN_ENUM_CONVERSION = YES;
				CLANG_WARN_INFINITE_RECURSION = YES;
				CLANG_WARN_INT_CONVERSION = YES;
				CLANG_WARN_NON_LITERAL_NULL_CONVERSION = YES;
				CLANG_WARN_OBJC_IMPLICIT_RETAIN_SELF = YES;
				CLANG_WARN_OBJC_LITERAL_CONVERSION = YES;
				CLANG_WARN_OBJC_ROOT_CLASS = YES_ERROR;
				CLANG_WARN_QUOTED_INCLUDE_IN_FRAMEWORK_HEADER = YES;
				CLANG_WARN_RANGE_LOOP_ANALYSIS = YES;
				CLANG_WARN_STRICT_PROTOTYPES = YES;
				CLANG_WARN_SUSPICIOUS_MOVE = YES;
				CLANG_WARN_UNGUARDED_AVAILABILITY = YES_AGGRESSIVE;
				CLANG_WARN_UNREACHABLE_CODE = YES;
				CLANG_WARN__DUPLICATE_METHOD_MATCH = YES;
				COPY_PHASE_STRIP = NO;
				DEBUG_INFORMATION_FORMAT = dwarf;
				ENABLE_STRICT_OBJC_MSGSEND = YES;
				ENABLE_TESTABILITY = YES;
				GCC_C_LANGUAGE_STANDARD = gnu11;
				GCC_DYNAMIC_NO_PIC = NO;
				GCC_NO_COMMON_BLOCKS = YES;
				GCC_OPTIMIZATION_LEVEL = 0;
				GCC_PREPROCESSOR_DEFINITIONS = (
					"DEBUG=1",
					"$(inherited)",
				);
				GCC_WARN_64_TO_32_BIT_CONVERSION = YES;
				GCC_WARN_ABOUT_RETURN_TYPE = YES_ERROR;
				GCC_WARN_UNDECLARED_SELECTOR = YES;
				GCC_WARN_UNINITIALIZED_AUTOS = YES_AGGRESSIVE;
				GCC_WARN_UNUSED_FUNCTION = YES;
				GCC_WARN_UNUSED_VARIABLE = YES;
				IPHONEOS_DEPLOYMENT_TARGET = 16.0;
				MTL_ENABLE_DEBUG_INFO = INCLUDE_SOURCE;
				MTL_FAST_MATH = YES;
				ONLY_ACTIVE_ARCH = YES;
				SDKROOT = iphoneos;
				SWIFT_ACTIVE_COMPILATION_CONDITIONS = DEBUG;
				SWIFT_OPTIMIZATION_LEVEL = "-Onone";
			};
			name = Debug;
		};
		606046862A2A5B8E005042FC /* Release */ = {
			isa = XCBuildConfiguration;
			buildSettings = {
				ALWAYS_SEARCH_USER_PATHS = NO;
				CLANG_ANALYZER_NONNULL = YES;
				CLANG_ANALYZER_NUMBER_OBJECT_CONVERSION = YES_AGGRESSIVE;
				CLANG_CXX_LANGUAGE_STANDARD = "gnu++20";
				CLANG_ENABLE_MODULES = YES;
				CLANG_ENABLE_OBJC_ARC = YES;
				CLANG_ENABLE_OBJC_WEAK = YES;
				CLANG_WARN_BLOCK_CAPTURE_AUTORELEASING = YES;
				CLANG_WARN_BOOL_CONVERSION = YES;
				CLANG_WARN_COMMA = YES;
				CLANG_WARN_CONSTANT_CONVERSION = YES;
				CLANG_WARN_DEPRECATED_OBJC_IMPLEMENTATIONS = YES;
				CLANG_WARN_DIRECT_OBJC_ISA_USAGE = YES_ERROR;
				CLANG_WARN_DOCUMENTATION_COMMENTS = YES;
				CLANG_WARN_EMPTY_BODY = YES;
				CLANG_WARN_ENUM_CONVERSION = YES;
				CLANG_WARN_INFINITE_RECURSION = YES;
				CLANG_WARN_INT_CONVERSION = YES;
				CLANG_WARN_NON_LITERAL_NULL_CONVERSION = YES;
				CLANG_WARN_OBJC_IMPLICIT_RETAIN_SELF = YES;
				CLANG_WARN_OBJC_LITERAL_CONVERSION = YES;
				CLANG_WARN_OBJC_ROOT_CLASS = YES_ERROR;
				CLANG_WARN_QUOTED_INCLUDE_IN_FRAMEWORK_HEADER = YES;
				CLANG_WARN_RANGE_LOOP_ANALYSIS = YES;
				CLANG_WARN_STRICT_PROTOTYPES = YES;
				CLANG_WARN_SUSPICIOUS_MOVE = YES;
				CLANG_WARN_UNGUARDED_AVAILABILITY = YES_AGGRESSIVE;
				CLANG_WARN_UNREACHABLE_CODE = YES;
				CLANG_WARN__DUPLICATE_METHOD_MATCH = YES;
				COPY_PHASE_STRIP = NO;
				DEBUG_INFORMATION_FORMAT = "dwarf-with-dsym";
				ENABLE_NS_ASSERTIONS = NO;
				ENABLE_STRICT_OBJC_MSGSEND = YES;
				GCC_C_LANGUAGE_STANDARD = gnu11;
				GCC_NO_COMMON_BLOCKS = YES;
				GCC_WARN_64_TO_32_BIT_CONVERSION = YES;
				GCC_WARN_ABOUT_RETURN_TYPE = YES_ERROR;
				GCC_WARN_UNDECLARED_SELECTOR = YES;
				GCC_WARN_UNINITIALIZED_AUTOS = YES_AGGRESSIVE;
				GCC_WARN_UNUSED_FUNCTION = YES;
				GCC_WARN_UNUSED_VARIABLE = YES;
				IPHONEOS_DEPLOYMENT_TARGET = 16.0;
				MTL_ENABLE_DEBUG_INFO = NO;
				MTL_FAST_MATH = YES;
				SDKROOT = iphoneos;
				SWIFT_COMPILATION_MODE = wholemodule;
				SWIFT_OPTIMIZATION_LEVEL = "-O";
				VALIDATE_PRODUCT = YES;
			};
			name = Release;
		};
		606046882A2A5B8E005042FC /* Debug */ = {
			isa = XCBuildConfiguration;
			buildSettings = {
				ASSETCATALOG_COMPILER_APPICON_NAME = AppIcon;
				ASSETCATALOG_COMPILER_GLOBAL_ACCENT_COLOR_NAME = AccentColor;
				CODE_SIGN_STYLE = Automatic;
				CURRENT_PROJECT_VERSION = 1;
				DEVELOPMENT_TEAM = 6YX8RWQNTP;
				GENERATE_INFOPLIST_FILE = YES;
				INFOPLIST_FILE = STARTIOSHW22/App/Info.plist;
				INFOPLIST_KEY_UIApplicationSupportsIndirectInputEvents = YES;
				INFOPLIST_KEY_UILaunchStoryboardName = LaunchScreen;
				INFOPLIST_KEY_UISupportedInterfaceOrientations_iPad = "UIInterfaceOrientationPortrait UIInterfaceOrientationPortraitUpsideDown UIInterfaceOrientationLandscapeLeft UIInterfaceOrientationLandscapeRight";
				INFOPLIST_KEY_UISupportedInterfaceOrientations_iPhone = "UIInterfaceOrientationPortrait UIInterfaceOrientationLandscapeLeft UIInterfaceOrientationLandscapeRight";
				LD_RUNPATH_SEARCH_PATHS = (
					"$(inherited)",
					"@executable_path/Frameworks",
				);
				MARKETING_VERSION = 1.0;
				PRODUCT_BUNDLE_IDENTIFIER = adlet.zhan.STARTIOSHW22;
				PRODUCT_NAME = "$(TARGET_NAME)";
				SWIFT_EMIT_LOC_STRINGS = YES;
				SWIFT_VERSION = 5.0;
				TARGETED_DEVICE_FAMILY = "1,2";
			};
			name = Debug;
		};
		606046892A2A5B8E005042FC /* Release */ = {
			isa = XCBuildConfiguration;
			buildSettings = {
				ASSETCATALOG_COMPILER_APPICON_NAME = AppIcon;
				ASSETCATALOG_COMPILER_GLOBAL_ACCENT_COLOR_NAME = AccentColor;
				CODE_SIGN_STYLE = Automatic;
				CURRENT_PROJECT_VERSION = 1;
				DEVELOPMENT_TEAM = 6YX8RWQNTP;
				GENERATE_INFOPLIST_FILE = YES;
				INFOPLIST_FILE = STARTIOSHW22/App/Info.plist;
				INFOPLIST_KEY_UIApplicationSupportsIndirectInputEvents = YES;
				INFOPLIST_KEY_UILaunchStoryboardName = LaunchScreen;
				INFOPLIST_KEY_UISupportedInterfaceOrientations_iPad = "UIInterfaceOrientationPortrait UIInterfaceOrientationPortraitUpsideDown UIInterfaceOrientationLandscapeLeft UIInterfaceOrientationLandscapeRight";
				INFOPLIST_KEY_UISupportedInterfaceOrientations_iPhone = "UIInterfaceOrientationPortrait UIInterfaceOrientationLandscapeLeft UIInterfaceOrientationLandscapeRight";
				LD_RUNPATH_SEARCH_PATHS = (
					"$(inherited)",
					"@executable_path/Frameworks",
				);
				MARKETING_VERSION = 1.0;
				PRODUCT_BUNDLE_IDENTIFIER = adlet.zhan.STARTIOSHW22;
				PRODUCT_NAME = "$(TARGET_NAME)";
				SWIFT_EMIT_LOC_STRINGS = YES;
				SWIFT_VERSION = 5.0;
				TARGETED_DEVICE_FAMILY = "1,2";
			};
			name = Release;
		};
/* End XCBuildConfiguration section */

/* Begin XCConfigurationList section */
		6060466B2A2A5B8B005042FC /* Build configuration list for PBXProject "STARTIOSHW22" */ = {
			isa = XCConfigurationList;
			buildConfigurations = (
				606046852A2A5B8E005042FC /* Debug */,
				606046862A2A5B8E005042FC /* Release */,
			);
			defaultConfigurationIsVisible = 0;
			defaultConfigurationName = Release;
		};
		606046872A2A5B8E005042FC /* Build configuration list for PBXNativeTarget "STARTIOSHW22" */ = {
			isa = XCConfigurationList;
			buildConfigurations = (
				606046882A2A5B8E005042FC /* Debug */,
				606046892A2A5B8E005042FC /* Release */,
			);
			defaultConfigurationIsVisible = 0;
			defaultConfigurationName = Release;
		};
/* End XCConfigurationList section */

/* Begin XCRemoteSwiftPackageReference section */
		606046902A2CBDB5005042FC /* XCRemoteSwiftPackageReference "SnapKit" */ = {
			isa = XCRemoteSwiftPackageReference;
			repositoryURL = "https://github.com/SnapKit/SnapKit.git";
			requirement = {
				branch = develop;
				kind = branch;
			};
		};
/* End XCRemoteSwiftPackageReference section */

/* Begin XCSwiftPackageProductDependency section */
		606046912A2CBDB5005042FC /* SnapKit */ = {
			isa = XCSwiftPackageProductDependency;
			package = 606046902A2CBDB5005042FC /* XCRemoteSwiftPackageReference "SnapKit" */;
			productName = SnapKit;
		};
/* End XCSwiftPackageProductDependency section */

/* Begin XCVersionGroup section */
		6060467C2A2A5B8C005042FC /* database.xcdatamodeld */ = {
			isa = XCVersionGroup;
			children = (
				6060467D2A2A5B8C005042FC /* STARTIOSHW22.xcdatamodel */,
			);
			currentVersion = 6060467D2A2A5B8C005042FC /* STARTIOSHW22.xcdatamodel */;
			path = database.xcdatamodeld;
			sourceTree = "<group>";
			versionGroupType = wrapper.xcdatamodel;
		};
/* End XCVersionGroup section */
	};
	rootObject = 606046682A2A5B8B005042FC /* Project object */;
}
